
Microsoft Visual Studio Solution File, Format Version 12.00
# Visual Studio Version 17
VisualStudioVersion = 17.0.31903.59
MinimumVisualStudioVersion = 10.0.40219.1
Project("{FAE04EC0-301F-11D3-BF4B-00C04F79EFBC}") = "AMS.Domain.Shared", "src/AMS.Domain.Shared/AMS.Domain.Shared.csproj", "{1C6E3E8B-3A2E-46FE-9721-77FC33A12A93}"
EndProject
Project("{FAE04EC0-301F-11D3-BF4B-00C04F79EFBC}") = "AMS.Domain", "src/AMS.Domain/AMS.Domain.csproj", "{A4EB21D2-6D02-4D54-8F41-35A42D6402F4}"
EndProject
Project("{FAE04EC0-301F-11D3-BF4B-00C04F79EFBC}") = "AMS.Application.Contracts", "src/AMS.Application.Contracts/AMS.Application.Contracts.csproj", "{6C6BA42B-C4E7-4F90-AD44-9C70AA0313C8}"
EndProject
Project("{FAE04EC0-301F-11D3-BF4B-00C04F79EFBC}") = "AMS.Application", "src/AMS.Application/AMS.Application.csproj", "{E6D8205C-6415-4B7A-986E-969518F4F9C6}"
EndProject
Project("{FAE04EC0-301F-11D3-BF4B-00C04F79EFBC}") = "AMS.EntityFrameworkCore", "src/AMS.EntityFrameworkCore/AMS.EntityFrameworkCore.csproj", "{6B89A164-6529-43E8-B11A-A58451CC8DC4}"
EndProject
Project("{FAE04EC0-301F-11D3-BF4B-00C04F79EFBC}") = "AMS.HttpApi", "src/AMS.HttpApi/AMS.HttpApi.csproj", "{D8F145E4-7859-405B-B07E-8FBF96DEA6AD}"
EndProject
Project("{FAE04EC0-301F-11D3-BF4B-00C04F79EFBC}") = "AMS.HttpApi.Host", "src/AMS.HttpApi.Host/AMS.HttpApi.Host.csproj", "{5D70639F-4803-43A4-B5B7-8FDB5F94F3F0}"
EndProject
Project("{FAE04EC0-301F-11D3-BF4B-00C04F79EFBC}") = "AMS.DbMigrator", "src/AMS.DbMigrator/AMS.DbMigrator.csproj", "{23C7E7A5-41E3-4AB0-9148-1EFFD394F7D5}"
EndProject
Project("{FAE04EC0-301F-11D3-BF4B-00C04F79EFBC}") = "AMS.Domain.Tests", "..\tests\AMS.Domain.Tests\AMS.Domain.Tests.csproj", "{DC3EB819-2CA9-4C6D-8484-44D5C8844F53}"
EndProject
Project("{2150E333-8FDC-42A3-9474-1A3956D46DE8}") = "src", "src", "{827E0CD3-B72D-47B6-A68D-7590B98EB39B}"
EndProject
Project("{FAE04EC0-301F-11D3-BF4B-00C04F79EFBC}") = "AMS.Domain", "src\AMS.Domain\AMS.Domain.csproj", "{44A78ABD-5251-4F71-91EF-BCC7914C0B4B}"
EndProject
Project("{FAE04EC0-301F-11D3-BF4B-00C04F79EFBC}") = "AMS.Domain.Shared", "src\AMS.Domain.Shared\AMS.Domain.Shared.csproj", "{EB2ECDED-EE45-4CDC-A0DE-897C5115A33F}"
EndProject
Project("{FAE04EC0-301F-11D3-BF4B-00C04F79EFBC}") = "AMS.Application.Tests", "..\tests\AMS.Application.Tests\AMS.Application.Tests.csproj", "{9D8E2391-4578-4561-90FE-B666918D994B}"
EndProject
Project("{FAE04EC0-301F-11D3-BF4B-00C04F79EFBC}") = "AMS.Application", "src\AMS.Application\AMS.Application.csproj", "{A93FAC1F-EFA1-4C38-94B7-D7F9ADB83B51}"
EndProject
Project("{FAE04EC0-301F-11D3-BF4B-00C04F79EFBC}") = "AMS.Application.Contracts", "src\AMS.Application.Contracts\AMS.Application.Contracts.csproj", "{04305360-FFF9-425D-A316-8D872A827FAC}"
EndProject
Project("{FAE04EC0-301F-11D3-BF4B-00C04F79EFBC}") = "AMS.HttpApi.Tests", "..\tests\AMS.HttpApi.Tests\AMS.HttpApi.Tests.csproj", "{74E3EC32-48CB-416C-99BA-4366D9978364}"
EndProject
Project("{FAE04EC0-301F-11D3-BF4B-00C04F79EFBC}") = "AMS.HttpApi.Host", "src\AMS.HttpApi.Host\AMS.HttpApi.Host.csproj", "{5BBC95A7-3839-4331-BAE6-3658D834F34A}"
EndProject
Project("{FAE04EC0-301F-11D3-BF4B-00C04F79EFBC}") = "AMS.HttpApi", "src\AMS.HttpApi\AMS.HttpApi.csproj", "{03AEC449-5C4F-402C-9C3B-9EAB02CE7937}"
EndProject
Project("{FAE04EC0-301F-11D3-BF4B-00C04F79EFBC}") = "AMS.EntityFrameworkCore", "src\AMS.EntityFrameworkCore\AMS.EntityFrameworkCore.csproj", "{54134261-384B-4B80-A66A-253BE1E201A8}"
EndProject
Global
	GlobalSection(SolutionConfigurationPlatforms) = preSolution
		Debug|Any CPU = Debug|Any CPU
		Debug|x64 = Debug|x64
		Debug|x86 = Debug|x86
		Release|Any CPU = Release|Any CPU
		Release|x64 = Release|x64
		Release|x86 = Release|x86
	EndGlobalSection
	GlobalSection(ProjectConfigurationPlatforms) = postSolution
		{1C6E3E8B-3A2E-46FE-9721-77FC33A12A93}.Debug|Any CPU.ActiveCfg = Debug|Any CPU
		{1C6E3E8B-3A2E-46FE-9721-77FC33A12A93}.Debug|Any CPU.Build.0 = Debug|Any CPU
		{1C6E3E8B-3A2E-46FE-9721-77FC33A12A93}.Debug|x64.ActiveCfg = Debug|Any CPU
		{1C6E3E8B-3A2E-46FE-9721-77FC33A12A93}.Debug|x64.Build.0 = Debug|Any CPU
		{1C6E3E8B-3A2E-46FE-9721-77FC33A12A93}.Debug|x86.ActiveCfg = Debug|Any CPU
		{1C6E3E8B-3A2E-46FE-9721-77FC33A12A93}.Debug|x86.Build.0 = Debug|Any CPU
		{1C6E3E8B-3A2E-46FE-9721-77FC33A12A93}.Release|Any CPU.ActiveCfg = Release|Any CPU
		{1C6E3E8B-3A2E-46FE-9721-77FC33A12A93}.Release|Any CPU.Build.0 = Release|Any CPU
		{1C6E3E8B-3A2E-46FE-9721-77FC33A12A93}.Release|x64.ActiveCfg = Release|Any CPU
		{1C6E3E8B-3A2E-46FE-9721-77FC33A12A93}.Release|x64.Build.0 = Release|Any CPU
		{1C6E3E8B-3A2E-46FE-9721-77FC33A12A93}.Release|x86.ActiveCfg = Release|Any CPU
		{1C6E3E8B-3A2E-46FE-9721-77FC33A12A93}.Release|x86.Build.0 = Release|Any CPU
		{A4EB21D2-6D02-4D54-8F41-35A42D6402F4}.Debug|Any CPU.ActiveCfg = Debug|Any CPU
		{A4EB21D2-6D02-4D54-8F41-35A42D6402F4}.Debug|Any CPU.Build.0 = Debug|Any CPU
		{A4EB21D2-6D02-4D54-8F41-35A42D6402F4}.Debug|x64.ActiveCfg = Debug|Any CPU
		{A4EB21D2-6D02-4D54-8F41-35A42D6402F4}.Debug|x64.Build.0 = Debug|Any CPU
		{A4EB21D2-6D02-4D54-8F41-35A42D6402F4}.Debug|x86.ActiveCfg = Debug|Any CPU
		{A4EB21D2-6D02-4D54-8F41-35A42D6402F4}.Debug|x86.Build.0 = Debug|Any CPU
		{A4EB21D2-6D02-4D54-8F41-35A42D6402F4}.Release|Any CPU.ActiveCfg = Release|Any CPU
		{A4EB21D2-6D02-4D54-8F41-35A42D6402F4}.Release|Any CPU.Build.0 = Release|Any CPU
		{A4EB21D2-6D02-4D54-8F41-35A42D6402F4}.Release|x64.ActiveCfg = Release|Any CPU
		{A4EB21D2-6D02-4D54-8F41-35A42D6402F4}.Release|x64.Build.0 = Release|Any CPU
		{A4EB21D2-6D02-4D54-8F41-35A42D6402F4}.Release|x86.ActiveCfg = Release|Any CPU
		{A4EB21D2-6D02-4D54-8F41-35A42D6402F4}.Release|x86.Build.0 = Release|Any CPU
		{6C6BA42B-C4E7-4F90-AD44-9C70AA0313C8}.Debug|Any CPU.ActiveCfg = Debug|Any CPU
		{6C6BA42B-C4E7-4F90-AD44-9C70AA0313C8}.Debug|Any CPU.Build.0 = Debug|Any CPU
		{6C6BA42B-C4E7-4F90-AD44-9C70AA0313C8}.Debug|x64.ActiveCfg = Debug|Any CPU
		{6C6BA42B-C4E7-4F90-AD44-9C70AA0313C8}.Debug|x64.Build.0 = Debug|Any CPU
		{6C6BA42B-C4E7-4F90-AD44-9C70AA0313C8}.Debug|x86.ActiveCfg = Debug|Any CPU
		{6C6BA42B-C4E7-4F90-AD44-9C70AA0313C8}.Debug|x86.Build.0 = Debug|Any CPU
		{6C6BA42B-C4E7-4F90-AD44-9C70AA0313C8}.Release|Any CPU.ActiveCfg = Release|Any CPU
		{6C6BA42B-C4E7-4F90-AD44-9C70AA0313C8}.Release|Any CPU.Build.0 = Release|Any CPU
		{6C6BA42B-C4E7-4F90-AD44-9C70AA0313C8}.Release|x64.ActiveCfg = Release|Any CPU
		{6C6BA42B-C4E7-4F90-AD44-9C70AA0313C8}.Release|x64.Build.0 = Release|Any CPU
		{6C6BA42B-C4E7-4F90-AD44-9C70AA0313C8}.Release|x86.ActiveCfg = Release|Any CPU
		{6C6BA42B-C4E7-4F90-AD44-9C70AA0313C8}.Release|x86.Build.0 = Release|Any CPU
		{E6D8205C-6415-4B7A-986E-969518F4F9C6}.Debug|Any CPU.ActiveCfg = Debug|Any CPU
		{E6D8205C-6415-4B7A-986E-969518F4F9C6}.Debug|Any CPU.Build.0 = Debug|Any CPU
		{E6D8205C-6415-4B7A-986E-969518F4F9C6}.Debug|x64.ActiveCfg = Debug|Any CPU
		{E6D8205C-6415-4B7A-986E-969518F4F9C6}.Debug|x64.Build.0 = Debug|Any CPU
		{E6D8205C-6415-4B7A-986E-969518F4F9C6}.Debug|x86.ActiveCfg = Debug|Any CPU
		{E6D8205C-6415-4B7A-986E-969518F4F9C6}.Debug|x86.Build.0 = Debug|Any CPU
		{E6D8205C-6415-4B7A-986E-969518F4F9C6}.Release|Any CPU.ActiveCfg = Release|Any CPU
		{E6D8205C-6415-4B7A-986E-969518F4F9C6}.Release|Any CPU.Build.0 = Release|Any CPU
		{E6D8205C-6415-4B7A-986E-969518F4F9C6}.Release|x64.ActiveCfg = Release|Any CPU
		{E6D8205C-6415-4B7A-986E-969518F4F9C6}.Release|x64.Build.0 = Release|Any CPU
		{E6D8205C-6415-4B7A-986E-969518F4F9C6}.Release|x86.ActiveCfg = Release|Any CPU
		{E6D8205C-6415-4B7A-986E-969518F4F9C6}.Release|x86.Build.0 = Release|Any CPU
		{6B89A164-6529-43E8-B11A-A58451CC8DC4}.Debug|Any CPU.ActiveCfg = Debug|Any CPU
		{6B89A164-6529-43E8-B11A-A58451CC8DC4}.Debug|Any CPU.Build.0 = Debug|Any CPU
		{6B89A164-6529-43E8-B11A-A58451CC8DC4}.Debug|x64.ActiveCfg = Debug|Any CPU
		{6B89A164-6529-43E8-B11A-A58451CC8DC4}.Debug|x64.Build.0 = Debug|Any CPU
		{6B89A164-6529-43E8-B11A-A58451CC8DC4}.Debug|x86.ActiveCfg = Debug|Any CPU
		{6B89A164-6529-43E8-B11A-A58451CC8DC4}.Debug|x86.Build.0 = Debug|Any CPU
		{6B89A164-6529-43E8-B11A-A58451CC8DC4}.Release|Any CPU.ActiveCfg = Release|Any CPU
		{6B89A164-6529-43E8-B11A-A58451CC8DC4}.Release|Any CPU.Build.0 = Release|Any CPU
		{6B89A164-6529-43E8-B11A-A58451CC8DC4}.Release|x64.ActiveCfg = Release|Any CPU
		{6B89A164-6529-43E8-B11A-A58451CC8DC4}.Release|x64.Build.0 = Release|Any CPU
		{6B89A164-6529-43E8-B11A-A58451CC8DC4}.Release|x86.ActiveCfg = Release|Any CPU
		{6B89A164-6529-43E8-B11A-A58451CC8DC4}.Release|x86.Build.0 = Release|Any CPU
		{D8F145E4-7859-405B-B07E-8FBF96DEA6AD}.Debug|Any CPU.ActiveCfg = Debug|Any CPU
		{D8F145E4-7859-405B-B07E-8FBF96DEA6AD}.Debug|Any CPU.Build.0 = Debug|Any CPU
		{D8F145E4-7859-405B-B07E-8FBF96DEA6AD}.Debug|x64.ActiveCfg = Debug|Any CPU
		{D8F145E4-7859-405B-B07E-8FBF96DEA6AD}.Debug|x64.Build.0 = Debug|Any CPU
		{D8F145E4-7859-405B-B07E-8FBF96DEA6AD}.Debug|x86.ActiveCfg = Debug|Any CPU
		{D8F145E4-7859-405B-B07E-8FBF96DEA6AD}.Debug|x86.Build.0 = Debug|Any CPU
		{D8F145E4-7859-405B-B07E-8FBF96DEA6AD}.Release|Any CPU.ActiveCfg = Release|Any CPU
		{D8F145E4-7859-405B-B07E-8FBF96DEA6AD}.Release|Any CPU.Build.0 = Release|Any CPU
		{D8F145E4-7859-405B-B07E-8FBF96DEA6AD}.Release|x64.ActiveCfg = Release|Any CPU
		{D8F145E4-7859-405B-B07E-8FBF96DEA6AD}.Release|x64.Build.0 = Release|Any CPU
		{D8F145E4-7859-405B-B07E-8FBF96DEA6AD}.Release|x86.ActiveCfg = Release|Any CPU
		{D8F145E4-7859-405B-B07E-8FBF96DEA6AD}.Release|x86.Build.0 = Release|Any CPU
		{5D70639F-4803-43A4-B5B7-8FDB5F94F3F0}.Debug|Any CPU.ActiveCfg = Debug|Any CPU
		{5D70639F-4803-43A4-B5B7-8FDB5F94F3F0}.Debug|Any CPU.Build.0 = Debug|Any CPU
		{5D70639F-4803-43A4-B5B7-8FDB5F94F3F0}.Debug|x64.ActiveCfg = Debug|Any CPU
		{5D70639F-4803-43A4-B5B7-8FDB5F94F3F0}.Debug|x64.Build.0 = Debug|Any CPU
		{5D70639F-4803-43A4-B5B7-8FDB5F94F3F0}.Debug|x86.ActiveCfg = Debug|Any CPU
		{5D70639F-4803-43A4-B5B7-8FDB5F94F3F0}.Debug|x86.Build.0 = Debug|Any CPU
		{5D70639F-4803-43A4-B5B7-8FDB5F94F3F0}.Release|Any CPU.Build.0 = ?
		{5D70639F-4803-43A4-B5B7-8FDB5F94F3F0}.Release|x64.ActiveCfg = Release|Any CPU
		{5D70639F-4803-43A4-B5B7-8FDB5F94F3F0}.Release|x64.Build.0 = Release|Any CPU
		{5D70639F-4803-43A4-B5B7-8FDB5F94F3F0}.Release|x86.ActiveCfg = Release|Any CPU
		{5D70639F-4803-43A4-B5B7-8FDB5F94F3F0}.Release|x86.Build.0 = Release|Any CPU
		{23C7E7A5-41E3-4AB0-9148-1EFFD394F7D5}.Debug|Any CPU.ActiveCfg = Debug|Any CPU
		{23C7E7A5-41E3-4AB0-9148-1EFFD394F7D5}.Debug|Any CPU.Build.0 = Debug|Any CPU
		{23C7E7A5-41E3-4AB0-9148-1EFFD394F7D5}.Debug|x64.ActiveCfg = Debug|Any CPU
		{23C7E7A5-41E3-4AB0-9148-1EFFD394F7D5}.Debug|x64.Build.0 = Debug|Any CPU
		{23C7E7A5-41E3-4AB0-9148-1EFFD394F7D5}.Debug|x86.ActiveCfg = Debug|Any CPU
		{23C7E7A5-41E3-4AB0-9148-1EFFD394F7D5}.Debug|x86.Build.0 = Debug|Any CPU
		{23C7E7A5-41E3-4AB0-9148-1EFFD394F7D5}.Release|Any CPU.ActiveCfg = Release|Any CPU
		{23C7E7A5-41E3-4AB0-9148-1EFFD394F7D5}.Release|Any CPU.Build.0 = Release|Any CPU
		{23C7E7A5-41E3-4AB0-9148-1EFFD394F7D5}.Release|x64.ActiveCfg = Release|Any CPU
		{23C7E7A5-41E3-4AB0-9148-1EFFD394F7D5}.Release|x64.Build.0 = Release|Any CPU
		{23C7E7A5-41E3-4AB0-9148-1EFFD394F7D5}.Release|x86.ActiveCfg = Release|Any CPU
		{23C7E7A5-41E3-4AB0-9148-1EFFD394F7D5}.Release|x86.Build.0 = Release|Any CPU
		{DC3EB819-2CA9-4C6D-8484-44D5C8844F53}.Debug|Any CPU.ActiveCfg = Debug|Any CPU
		{DC3EB819-2CA9-4C6D-8484-44D5C8844F53}.Debug|Any CPU.Build.0 = Debug|Any CPU
		{DC3EB819-2CA9-4C6D-8484-44D5C8844F53}.Debug|x64.ActiveCfg = Debug|Any CPU
		{DC3EB819-2CA9-4C6D-8484-44D5C8844F53}.Debug|x64.Build.0 = Debug|Any CPU
		{DC3EB819-2CA9-4C6D-8484-44D5C8844F53}.Debug|x86.ActiveCfg = Debug|Any CPU
		{DC3EB819-2CA9-4C6D-8484-44D5C8844F53}.Debug|x86.Build.0 = Debug|Any CPU
		{DC3EB819-2CA9-4C6D-8484-44D5C8844F53}.Release|Any CPU.ActiveCfg = Release|Any CPU
		{DC3EB819-2CA9-4C6D-8484-44D5C8844F53}.Release|Any CPU.Build.0 = Release|Any CPU
		{DC3EB819-2CA9-4C6D-8484-44D5C8844F53}.Release|x64.ActiveCfg = Release|Any CPU
		{DC3EB819-2CA9-4C6D-8484-44D5C8844F53}.Release|x64.Build.0 = Release|Any CPU
		{DC3EB819-2CA9-4C6D-8484-44D5C8844F53}.Release|x86.ActiveCfg = Release|Any CPU
		{DC3EB819-2CA9-4C6D-8484-44D5C8844F53}.Release|x86.Build.0 = Release|Any CPU
		{44A78ABD-5251-4F71-91EF-BCC7914C0B4B}.Debug|Any CPU.ActiveCfg = Debug|Any CPU
		{44A78ABD-5251-4F71-91EF-BCC7914C0B4B}.Debug|Any CPU.Build.0 = Debug|Any CPU
		{44A78ABD-5251-4F71-91EF-BCC7914C0B4B}.Debug|x64.ActiveCfg = Debug|Any CPU
		{44A78ABD-5251-4F71-91EF-BCC7914C0B4B}.Debug|x64.Build.0 = Debug|Any CPU
		{44A78ABD-5251-4F71-91EF-BCC7914C0B4B}.Debug|x86.ActiveCfg = Debug|Any CPU
		{44A78ABD-5251-4F71-91EF-BCC7914C0B4B}.Debug|x86.Build.0 = Debug|Any CPU
		{44A78ABD-5251-4F71-91EF-BCC7914C0B4B}.Release|Any CPU.ActiveCfg = Release|Any CPU
		{44A78ABD-5251-4F71-91EF-BCC7914C0B4B}.Release|Any CPU.Build.0 = Release|Any CPU
		{44A78ABD-5251-4F71-91EF-BCC7914C0B4B}.Release|x64.ActiveCfg = Release|Any CPU
		{44A78ABD-5251-4F71-91EF-BCC7914C0B4B}.Release|x64.Build.0 = Release|Any CPU
		{44A78ABD-5251-4F71-91EF-BCC7914C0B4B}.Release|x86.ActiveCfg = Release|Any CPU
		{44A78ABD-5251-4F71-91EF-BCC7914C0B4B}.Release|x86.Build.0 = Release|Any CPU
		{EB2ECDED-EE45-4CDC-A0DE-897C5115A33F}.Debug|Any CPU.ActiveCfg = Debug|Any CPU
		{EB2ECDED-EE45-4CDC-A0DE-897C5115A33F}.Debug|Any CPU.Build.0 = Debug|Any CPU
		{EB2ECDED-EE45-4CDC-A0DE-897C5115A33F}.Debug|x64.ActiveCfg = Debug|Any CPU
		{EB2ECDED-EE45-4CDC-A0DE-897C5115A33F}.Debug|x64.Build.0 = Debug|Any CPU
		{EB2ECDED-EE45-4CDC-A0DE-897C5115A33F}.Debug|x86.ActiveCfg = Debug|Any CPU
		{EB2ECDED-EE45-4CDC-A0DE-897C5115A33F}.Debug|x86.Build.0 = Debug|Any CPU
		{EB2ECDED-EE45-4CDC-A0DE-897C5115A33F}.Release|Any CPU.ActiveCfg = Release|Any CPU
		{EB2ECDED-EE45-4CDC-A0DE-897C5115A33F}.Release|Any CPU.Build.0 = Release|Any CPU
		{EB2ECDED-EE45-4CDC-A0DE-897C5115A33F}.Release|x64.ActiveCfg = Release|Any CPU
		{EB2ECDED-EE45-4CDC-A0DE-897C5115A33F}.Release|x64.Build.0 = Release|Any CPU
		{EB2ECDED-EE45-4CDC-A0DE-897C5115A33F}.Release|x86.ActiveCfg = Release|Any CPU
		{EB2ECDED-EE45-4CDC-A0DE-897C5115A33F}.Release|x86.Build.0 = Release|Any CPU
		{9D8E2391-4578-4561-90FE-B666918D994B}.Debug|Any CPU.ActiveCfg = Debug|Any CPU
		{9D8E2391-4578-4561-90FE-B666918D994B}.Debug|Any CPU.Build.0 = Debug|Any CPU
		{9D8E2391-4578-4561-90FE-B666918D994B}.Debug|x64.ActiveCfg = Debug|Any CPU
		{9D8E2391-4578-4561-90FE-B666918D994B}.Debug|x64.Build.0 = Debug|Any CPU
		{9D8E2391-4578-4561-90FE-B666918D994B}.Debug|x86.ActiveCfg = Debug|Any CPU
		{9D8E2391-4578-4561-90FE-B666918D994B}.Debug|x86.Build.0 = Debug|Any CPU
		{9D8E2391-4578-4561-90FE-B666918D994B}.Release|Any CPU.ActiveCfg = Release|Any CPU
		{9D8E2391-4578-4561-90FE-B666918D994B}.Release|Any CPU.Build.0 = Release|Any CPU
		{9D8E2391-4578-4561-90FE-B666918D994B}.Release|x64.ActiveCfg = Release|Any CPU
		{9D8E2391-4578-4561-90FE-B666918D994B}.Release|x64.Build.0 = Release|Any CPU
		{9D8E2391-4578-4561-90FE-B666918D994B}.Release|x86.ActiveCfg = Release|Any CPU
		{9D8E2391-4578-4561-90FE-B666918D994B}.Release|x86.Build.0 = Release|Any CPU
		{A93FAC1F-EFA1-4C38-94B7-D7F9ADB83B51}.Debug|Any CPU.ActiveCfg = Debug|Any CPU
		{A93FAC1F-EFA1-4C38-94B7-D7F9ADB83B51}.Debug|Any CPU.Build.0 = Debug|Any CPU
		{A93FAC1F-EFA1-4C38-94B7-D7F9ADB83B51}.Debug|x64.ActiveCfg = Debug|Any CPU
		{A93FAC1F-EFA1-4C38-94B7-D7F9ADB83B51}.Debug|x64.Build.0 = Debug|Any CPU
		{A93FAC1F-EFA1-4C38-94B7-D7F9ADB83B51}.Debug|x86.ActiveCfg = Debug|Any CPU
		{A93FAC1F-EFA1-4C38-94B7-D7F9ADB83B51}.Debug|x86.Build.0 = Debug|Any CPU
		{A93FAC1F-EFA1-4C38-94B7-D7F9ADB83B51}.Release|Any CPU.ActiveCfg = Release|Any CPU
		{A93FAC1F-EFA1-4C38-94B7-D7F9ADB83B51}.Release|Any CPU.Build.0 = Release|Any CPU
		{A93FAC1F-EFA1-4C38-94B7-D7F9ADB83B51}.Release|x64.ActiveCfg = Release|Any CPU
		{A93FAC1F-EFA1-4C38-94B7-D7F9ADB83B51}.Release|x64.Build.0 = Release|Any CPU
		{A93FAC1F-EFA1-4C38-94B7-D7F9ADB83B51}.Release|x86.ActiveCfg = Release|Any CPU
		{A93FAC1F-EFA1-4C38-94B7-D7F9ADB83B51}.Release|x86.Build.0 = Release|Any CPU
		{04305360-FFF9-425D-A316-8D872A827FAC}.Debug|Any CPU.ActiveCfg = Debug|Any CPU
		{04305360-FFF9-425D-A316-8D872A827FAC}.Debug|Any CPU.Build.0 = Debug|Any CPU
		{04305360-FFF9-425D-A316-8D872A827FAC}.Debug|x64.ActiveCfg = Debug|Any CPU
		{04305360-FFF9-425D-A316-8D872A827FAC}.Debug|x64.Build.0 = Debug|Any CPU
		{04305360-FFF9-425D-A316-8D872A827FAC}.Debug|x86.ActiveCfg = Debug|Any CPU
		{04305360-FFF9-425D-A316-8D872A827FAC}.Debug|x86.Build.0 = Debug|Any CPU
		{04305360-FFF9-425D-A316-8D872A827FAC}.Release|Any CPU.ActiveCfg = Release|Any CPU
		{04305360-FFF9-425D-A316-8D872A827FAC}.Release|Any CPU.Build.0 = Release|Any CPU
		{04305360-FFF9-425D-A316-8D872A827FAC}.Release|x64.ActiveCfg = Release|Any CPU
		{04305360-FFF9-425D-A316-8D872A827FAC}.Release|x64.Build.0 = Release|Any CPU
		{04305360-FFF9-425D-A316-8D872A827FAC}.Release|x86.ActiveCfg = Release|Any CPU
		{04305360-FFF9-425D-A316-8D872A827FAC}.Release|x86.Build.0 = Release|Any CPU
		{74E3EC32-48CB-416C-99BA-4366D9978364}.Debug|Any CPU.ActiveCfg = Debug|Any CPU
		{74E3EC32-48CB-416C-99BA-4366D9978364}.Debug|Any CPU.Build.0 = Debug|Any CPU
		{74E3EC32-48CB-416C-99BA-4366D9978364}.Debug|x64.ActiveCfg = Debug|Any CPU
		{74E3EC32-48CB-416C-99BA-4366D9978364}.Debug|x64.Build.0 = Debug|Any CPU
		{74E3EC32-48CB-416C-99BA-4366D9978364}.Debug|x86.ActiveCfg = Debug|Any CPU
		{74E3EC32-48CB-416C-99BA-4366D9978364}.Debug|x86.Build.0 = Debug|Any CPU
		{74E3EC32-48CB-416C-99BA-4366D9978364}.Release|Any CPU.ActiveCfg = Release|Any CPU
		{74E3EC32-48CB-416C-99BA-4366D9978364}.Release|Any CPU.Build.0 = Release|Any CPU
		{74E3EC32-48CB-416C-99BA-4366D9978364}.Release|x64.ActiveCfg = Release|Any CPU
		{74E3EC32-48CB-416C-99BA-4366D9978364}.Release|x64.Build.0 = Release|Any CPU
		{74E3EC32-48CB-416C-99BA-4366D9978364}.Release|x86.ActiveCfg = Release|Any CPU
		{74E3EC32-48CB-416C-99BA-4366D9978364}.Release|x86.Build.0 = Release|Any CPU
		{5BBC95A7-3839-4331-BAE6-3658D834F34A}.Debug|Any CPU.ActiveCfg = Debug|Any CPU
		{5BBC95A7-3839-4331-BAE6-3658D834F34A}.Debug|Any CPU.Build.0 = Debug|Any CPU
		{5BBC95A7-3839-4331-BAE6-3658D834F34A}.Debug|x64.ActiveCfg = Debug|Any CPU
		{5BBC95A7-3839-4331-BAE6-3658D834F34A}.Debug|x64.Build.0 = Debug|Any CPU
		{5BBC95A7-3839-4331-BAE6-3658D834F34A}.Debug|x86.ActiveCfg = Debug|Any CPU
		{5BBC95A7-3839-4331-BAE6-3658D834F34A}.Debug|x86.Build.0 = Debug|Any CPU
		{5BBC95A7-3839-4331-BAE6-3658D834F34A}.Release|Any CPU.ActiveCfg = Release|Any CPU
		{5BBC95A7-3839-4331-BAE6-3658D834F34A}.Release|Any CPU.Build.0 = Release|Any CPU
		{5BBC95A7-3839-4331-BAE6-3658D834F34A}.Release|x64.ActiveCfg = Release|Any CPU
		{5BBC95A7-3839-4331-BAE6-3658D834F34A}.Release|x64.Build.0 = Release|Any CPU
		{5BBC95A7-3839-4331-BAE6-3658D834F34A}.Release|x86.ActiveCfg = Release|Any CPU
		{5BBC95A7-3839-4331-BAE6-3658D834F34A}.Release|x86.Build.0 = Release|Any CPU
		{03AEC449-5C4F-402C-9C3B-9EAB02CE7937}.Debug|Any CPU.ActiveCfg = Debug|Any CPU
		{03AEC449-5C4F-402C-9C3B-9EAB02CE7937}.Debug|Any CPU.Build.0 = Debug|Any CPU
		{03AEC449-5C4F-402C-9C3B-9EAB02CE7937}.Debug|x64.ActiveCfg = Debug|Any CPU
		{03AEC449-5C4F-402C-9C3B-9EAB02CE7937}.Debug|x64.Build.0 = Debug|Any CPU
		{03AEC449-5C4F-402C-9C3B-9EAB02CE7937}.Debug|x86.ActiveCfg = Debug|Any CPU
		{03AEC449-5C4F-402C-9C3B-9EAB02CE7937}.Debug|x86.Build.0 = Debug|Any CPU
		{03AEC449-5C4F-402C-9C3B-9EAB02CE7937}.Release|Any CPU.ActiveCfg = Release|Any CPU
		{03AEC449-5C4F-402C-9C3B-9EAB02CE7937}.Release|Any CPU.Build.0 = Release|Any CPU
		{03AEC449-5C4F-402C-9C3B-9EAB02CE7937}.Release|x64.ActiveCfg = Release|Any CPU
		{03AEC449-5C4F-402C-9C3B-9EAB02CE7937}.Release|x64.Build.0 = Release|Any CPU
		{03AEC449-5C4F-402C-9C3B-9EAB02CE7937}.Release|x86.ActiveCfg = Release|Any CPU
		{03AEC449-5C4F-402C-9C3B-9EAB02CE7937}.Release|x86.Build.0 = Release|Any CPU
		{54134261-384B-4B80-A66A-253BE1E201A8}.Debug|Any CPU.ActiveCfg = Debug|Any CPU
		{54134261-384B-4B80-A66A-253BE1E201A8}.Debug|Any CPU.Build.0 = Debug|Any CPU
		{54134261-384B-4B80-A66A-253BE1E201A8}.Debug|x64.ActiveCfg = Debug|Any CPU
		{54134261-384B-4B80-A66A-253BE1E201A8}.Debug|x64.Build.0 = Debug|Any CPU
		{54134261-384B-4B80-A66A-253BE1E201A8}.Debug|x86.ActiveCfg = Debug|Any CPU
		{54134261-384B-4B80-A66A-253BE1E201A8}.Debug|x86.Build.0 = Debug|Any CPU
		{54134261-384B-4B80-A66A-253BE1E201A8}.Release|Any CPU.ActiveCfg = Release|Any CPU
		{54134261-384B-4B80-A66A-253BE1E201A8}.Release|Any CPU.Build.0 = Release|Any CPU
		{54134261-384B-4B80-A66A-253BE1E201A8}.Release|x64.ActiveCfg = Release|Any CPU
		{54134261-384B-4B80-A66A-253BE1E201A8}.Release|x64.Build.0 = Release|Any CPU
		{54134261-384B-4B80-A66A-253BE1E201A8}.Release|x86.ActiveCfg = Release|Any CPU
		{54134261-384B-4B80-A66A-253BE1E201A8}.Release|x86.Build.0 = Release|Any CPU
	EndGlobalSection
	GlobalSection(SolutionProperties) = preSolution
		HideSolutionNode = FALSE
	EndGlobalSection
	GlobalSection(NestedProjects) = preSolution
		{44A78ABD-5251-4F71-91EF-BCC7914C0B4B} = {827E0CD3-B72D-47B6-A68D-7590B98EB39B}
		{EB2ECDED-EE45-4CDC-A0DE-897C5115A33F} = {827E0CD3-B72D-47B6-A68D-7590B98EB39B}
		{A93FAC1F-EFA1-4C38-94B7-D7F9ADB83B51} = {827E0CD3-B72D-47B6-A68D-7590B98EB39B}
		{04305360-FFF9-425D-A316-8D872A827FAC} = {827E0CD3-B72D-47B6-A68D-7590B98EB39B}
		{5BBC95A7-3839-4331-BAE6-3658D834F34A} = {827E0CD3-B72D-47B6-A68D-7590B98EB39B}
		{03AEC449-5C4F-402C-9C3B-9EAB02CE7937} = {827E0CD3-B72D-47B6-A68D-7590B98EB39B}
		{54134261-384B-4B80-A66A-253BE1E201A8} = {827E0CD3-B72D-47B6-A68D-7590B98EB39B}
	EndGlobalSection
EndGlobal
